{
  "name": "ngrx-app-store",
  "version": "1.0.21",
  "lockfileVersion": 1,
  "requires": true,
  "dependencies": {
    "@ngrx/entity": {
      "version": "6.0.1",
      "resolved": "https://registry.npmjs.org/@ngrx/entity/-/entity-6.0.1.tgz",
      "integrity": "sha512-UjYHg6Okm9AMa+5qEVQJ71h5fkc6/S1LveW7G5UFn7hTKK0a+8OJYi/wGmfPGPo4M4/Qi1q722YgylAZf/9KbA=="
    },
    "@ngrx/router-store": {
      "version": "6.0.1",
      "resolved": "https://registry.npmjs.org/@ngrx/router-store/-/router-store-6.0.1.tgz",
      "integrity": "sha512-Nz6HI6cGcWZtRP8Z1eWH0jhkmukQYSpH5AptCcXMjOP2MorHv23Ddw1O+0W6hF8SYX1JvGdaQ2BUJS00MaKfKw=="
    },
    "@ngrx/store": {
      "version": "6.0.1",
      "resolved": "https://registry.npmjs.org/@ngrx/store/-/store-6.0.1.tgz",
      "integrity": "sha512-cSgfT8CgpOr6BOQac9M3DH6QQC5gxCVjdEcZH//Zn/kwdse86X73iK7KWv6B6AiIEdyVbFfggXNZwd/HiyLGOA=="
    },
    "enum-values": {
      "version": "1.2.0",
      "resolved": "https://registry.npmjs.org/enum-values/-/enum-values-1.2.0.tgz",
      "integrity": "sha512-PR/DeMtj8hMkLA9jJWQ8tNLVNyayhPD+WbPFtZfo2KIudszRLry4dPlYkevXM52l5JzQGuHffFwXaoq8Z7JcWA=="
    },
    "rxjs": {
      "version": "6.2.0",
      "resolved": "https://registry.npmjs.org/rxjs/-/rxjs-6.2.0.tgz",
      "integrity": "sha512-qBzf5uu6eOKiCZuAE0SgZ0/Qp+l54oeVxFfC2t+mJ2SFI6IB8gmMdJHs5DUMu5kqifqcCtsKS2XHjhZu6RKvAw==",
      "requires": {
        "tslib": "1.9.2"
      }
    },
    "tslib": {
      "version": "1.9.2",
      "resolved": "https://registry.npmjs.org/tslib/-/tslib-1.9.2.tgz",
      "integrity": "sha512-AVP5Xol3WivEr7hnssHDsaM+lVrVXWUvd1cfXTRkTj80b//6g2wIFEH6hZG0muGZRnHGrfttpdzRk3YlBkWjKw=="
    }
  }
}
